
Microsoft Visual Studio Solution File, Format Version 12.00
# Visual Studio Version 17
VisualStudioVersion = 17.5.33530.505
MinimumVisualStudioVersion = 10.0.40219.1
Project("{FAE04EC0-301F-11D3-BF4B-00C04F79EFBC}") = "Quipu_ADO", "Quipu_ADO\Quipu_ADO.csproj", "{65678D47-8C03-4BE7-968E-1ECADB5F7364}"
EndProject
Project("{FAE04EC0-301F-11D3-BF4B-00C04F79EFBC}") = "Quipu_BE", "Quipu_BE\Quipu_BE.csproj", "{A8B93767-4542-4ECB-809A-3C5C7F760FD0}"
EndProject
Project("{FAE04EC0-301F-11D3-BF4B-00C04F79EFBC}") = "Quipu_BL", "Quipu_BL\Quipu_BL.csproj", "{686FB91A-B65C-4EFB-8B6B-DB0219B8F33A}"
EndProject
Project("{FAE04EC0-301F-11D3-BF4B-00C04F79EFBC}") = "Quipu_GUI", "Quipu_GUI\Quipu_GUI.csproj", "{0C271DC4-FABA-4216-B7CE-F7F0BC9B7A5C}"
EndProject
Global
	GlobalSection(SolutionConfigurationPlatforms) = preSolution
		Debug|Any CPU = Debug|Any CPU
		Release|Any CPU = Release|Any CPU
	EndGlobalSection
	GlobalSection(ProjectConfigurationPlatforms) = postSolution
		{65678D47-8C03-4BE7-968E-1ECADB5F7364}.Debug|Any CPU.ActiveCfg = Debug|Any CPU
		{65678D47-8C03-4BE7-968E-1ECADB5F7364}.Debug|Any CPU.Build.0 = Debug|Any CPU
		{65678D47-8C03-4BE7-968E-1ECADB5F7364}.Release|Any CPU.ActiveCfg = Release|Any CPU
		{65678D47-8C03-4BE7-968E-1ECADB5F7364}.Release|Any CPU.Build.0 = Release|Any CPU
		{A8B93767-4542-4ECB-809A-3C5C7F760FD0}.Debug|Any CPU.ActiveCfg = Debug|Any CPU
		{A8B93767-4542-4ECB-809A-3C5C7F760FD0}.Debug|Any CPU.Build.0 = Debug|Any CPU
		{A8B93767-4542-4ECB-809A-3C5C7F760FD0}.Release|Any CPU.ActiveCfg = Release|Any CPU
		{A8B93767-4542-4ECB-809A-3C5C7F760FD0}.Release|Any CPU.Build.0 = Release|Any CPU
		{686FB91A-B65C-4EFB-8B6B-DB0219B8F33A}.Debug|Any CPU.ActiveCfg = Debug|Any CPU
		{686FB91A-B65C-4EFB-8B6B-DB0219B8F33A}.Debug|Any CPU.Build.0 = Debug|Any CPU
		{686FB91A-B65C-4EFB-8B6B-DB0219B8F33A}.Release|Any CPU.ActiveCfg = Release|Any CPU
		{686FB91A-B65C-4EFB-8B6B-DB0219B8F33A}.Release|Any CPU.Build.0 = Release|Any CPU
		{0C271DC4-FABA-4216-B7CE-F7F0BC9B7A5C}.Debug|Any CPU.ActiveCfg = Debug|Any CPU
		{0C271DC4-FABA-4216-B7CE-F7F0BC9B7A5C}.Debug|Any CPU.Build.0 = Debug|Any CPU
		{0C271DC4-FABA-4216-B7CE-F7F0BC9B7A5C}.Release|Any CPU.ActiveCfg = Release|Any CPU
		{0C271DC4-FABA-4216-B7CE-F7F0BC9B7A5C}.Release|Any CPU.Build.0 = Release|Any CPU
	EndGlobalSection
	GlobalSection(SolutionProperties) = preSolution
		HideSolutionNode = FALSE
	EndGlobalSection
	GlobalSection(ExtensibilityGlobals) = postSolution
		SolutionGuid = {8160C39D-2EC9-4A5E-932C-F665F4E16AB5}
	EndGlobalSection
EndGlobal
